
Microsoft Visual Studio Solution File, Format Version 12.00
# Visual Studio Version 16
VisualStudioVersion = 16.0.31205.134
MinimumVisualStudioVersion = 10.0.40219.1
Project("{FAE04EC0-301F-11D3-BF4B-00C04F79EFBC}") = "VMTranslator", "VMTranslator.csproj", "{FCC281DB-35E4-4525-AEC6-C58906958BA8}"
EndProject
Global
	GlobalSection(SolutionConfigurationPlatforms) = preSolution
		Debug|Any CPU = Debug|Any CPU
		Release|Any CPU = Release|Any CPU
	EndGlobalSection
	GlobalSection(ProjectConfigurationPlatforms) = postSolution
		{FCC281DB-35E4-4525-AEC6-C58906958BA8}.Debug|Any CPU.ActiveCfg = Debug|Any CPU
		{FCC281DB-35E4-4525-AEC6-C58906958BA8}.Debug|Any CPU.Build.0 = Debug|Any CPU
		{FCC281DB-35E4-4525-AEC6-C58906958BA8}.Release|Any CPU.ActiveCfg = Release|Any CPU
		{FCC281DB-35E4-4525-AEC6-C58906958BA8}.Release|Any CPU.Build.0 = Release|Any CPU
	EndGlobalSection
	GlobalSection(SolutionProperties) = preSolution
		HideSolutionNode = FALSE
	EndGlobalSection
	GlobalSection(ExtensibilityGlobals) = postSolution
		SolutionGuid = {2DEB67D4-D37C-464C-B10B-19481AFAEC65}
	EndGlobalSection
EndGlobal
